// !$*UTF8*$!
{
	archiveVersion = 1;
	classes = {
	};
	objectVersion = 52;
	objects = {

/* Begin PBXBuildFile section */
		3808CFC0B8B83D42C8D880DD /* CoreData.framework in Frameworks */ = {isa = PBXBuildFile; fileRef = 307650501806402216215292 /* CoreData.framework */; };
		6483A31CB920A4820808BCF6 /* Security.framework in Frameworks */ = {isa = PBXBuildFile; fileRef = C5C40F4AB17B0F8329AE496B /* Security.framework */; };
		A88ADF770099299D9299BD00 /* Pods_Laffey.framework in Frameworks */ = {isa = PBXBuildFile; fileRef = 3E010F18881BFA2C9E0BFBCC /* Pods_Laffey.framework */; };
		E404568924E9FCC300EC3356 /* RealmDatabase.swift in Sources */ = {isa = PBXBuildFile; fileRef = E404568824E9FCC300EC3356 /* RealmDatabase.swift */; };
		E404568B24E9FEB000EC3356 /* User.swift in Sources */ = {isa = PBXBuildFile; fileRef = E404568A24E9FEB000EC3356 /* User.swift */; };
		E404568E24EA070600EC3356 /* FetchData.swift in Sources */ = {isa = PBXBuildFile; fileRef = E404568D24EA070600EC3356 /* FetchData.swift */; };
		E404569024EA08D400EC3356 /* PersonalRecord.swift in Sources */ = {isa = PBXBuildFile; fileRef = E404568F24EA08D400EC3356 /* PersonalRecord.swift */; };
		E404569B24EA127D00EC3356 /* RecordListView.swift in Sources */ = {isa = PBXBuildFile; fileRef = E404569A24EA127D00EC3356 /* RecordListView.swift */; };
		E416360A24EBB9FA009B624E /* GetMemberResponse.swift in Sources */ = {isa = PBXBuildFile; fileRef = E416360924EBB9FA009B624E /* GetMemberResponse.swift */; };
		E419D9DA24E8F179008145F8 /* TeamRecord.swift in Sources */ = {isa = PBXBuildFile; fileRef = E419D9D924E8F179008145F8 /* TeamRecord.swift */; };
		E419D9E124E90939008145F8 /* ProgressBar.swift in Sources */ = {isa = PBXBuildFile; fileRef = E419D9E024E90939008145F8 /* ProgressBar.swift */; };
		E43AC76324E6681C00F548F1 /* AppDelegate.swift in Sources */ = {isa = PBXBuildFile; fileRef = E43AC76224E6681C00F548F1 /* AppDelegate.swift */; };
		E43AC76524E6681C00F548F1 /* SceneDelegate.swift in Sources */ = {isa = PBXBuildFile; fileRef = E43AC76424E6681C00F548F1 /* SceneDelegate.swift */; };
		E43AC76824E6681C00F548F1 /* Laffey.xcdatamodeld in Sources */ = {isa = PBXBuildFile; fileRef = E43AC76624E6681C00F548F1 /* Laffey.xcdatamodeld */; };
		E43AC76A24E6681C00F548F1 /* TabView.swift in Sources */ = {isa = PBXBuildFile; fileRef = E43AC76924E6681C00F548F1 /* TabView.swift */; };
		E43AC76C24E6681E00F548F1 /* Assets.xcassets in Resources */ = {isa = PBXBuildFile; fileRef = E43AC76B24E6681E00F548F1 /* Assets.xcassets */; };
		E43AC76F24E6681E00F548F1 /* Preview Assets.xcassets in Resources */ = {isa = PBXBuildFile; fileRef = E43AC76E24E6681E00F548F1 /* Preview Assets.xcassets */; };
		E43AC77224E6681E00F548F1 /* LaunchScreen.storyboard in Resources */ = {isa = PBXBuildFile; fileRef = E43AC77024E6681E00F548F1 /* LaunchScreen.storyboard */; };
		E43AC78A24E7566A00F548F1 /* Login+Register.swift in Sources */ = {isa = PBXBuildFile; fileRef = E43AC78924E7566A00F548F1 /* Login+Register.swift */; };
		E4A1925D24E80DEB0075AA95 /* RecordListRow.swift in Sources */ = {isa = PBXBuildFile; fileRef = E4A1925C24E80DEB0075AA95 /* RecordListRow.swift */; };
		E4A75D3424E76DD0007095D7 /* RegistrationForm.swift in Sources */ = {isa = PBXBuildFile; fileRef = E4A75D3324E76DD0007095D7 /* RegistrationForm.swift */; };
		E4A75D3624E77487007095D7 /* Extensions.swift in Sources */ = {isa = PBXBuildFile; fileRef = E4A75D3524E77487007095D7 /* Extensions.swift */; };
		E4A75D3924E7A02E007095D7 /* Moya in Frameworks */ = {isa = PBXBuildFile; productRef = E4A75D3824E7A02E007095D7 /* Moya */; };
		E4A75D3B24E7A053007095D7 /* LaffeyAPI.swift in Sources */ = {isa = PBXBuildFile; fileRef = E4A75D3A24E7A053007095D7 /* LaffeyAPI.swift */; };
		E4A75D3D24E7A819007095D7 /* LoginResponse.swift in Sources */ = {isa = PBXBuildFile; fileRef = E4A75D3C24E7A819007095D7 /* LoginResponse.swift */; };
		E4A75D3F24E7ACBE007095D7 /* Preferences.swift in Sources */ = {isa = PBXBuildFile; fileRef = E4A75D3E24E7ACBE007095D7 /* Preferences.swift */; };
		E4A75D4324E7B2B6007095D7 /* RegisterResponse.swift in Sources */ = {isa = PBXBuildFile; fileRef = E4A75D4224E7B2B6007095D7 /* RegisterResponse.swift */; };
		E4A75D4724E7B784007095D7 /* MainView.swift in Sources */ = {isa = PBXBuildFile; fileRef = E4A75D4624E7B784007095D7 /* MainView.swift */; };
		E4A75D4924E7B821007095D7 /* Dashboard.swift in Sources */ = {isa = PBXBuildFile; fileRef = E4A75D4824E7B821007095D7 /* Dashboard.swift */; };
		E4B84AED24EA70A800D11BFD /* PNPromptView.swift in Sources */ = {isa = PBXBuildFile; fileRef = E4B84AEC24EA70A800D11BFD /* PNPromptView.swift */; };
		E4B84AF224EABB1C00D11BFD /* XGMTACloud.framework in Frameworks */ = {isa = PBXBuildFile; fileRef = E4B84AF124EABB0400D11BFD /* XGMTACloud.framework */; };
		E4B84AF424EABB2A00D11BFD /* CoreTelephony.framework in Frameworks */ = {isa = PBXBuildFile; fileRef = E4B84AF324EABB2A00D11BFD /* CoreTelephony.framework */; };
		E4B84AF624EABB3500D11BFD /* SystemConfiguration.framework in Frameworks */ = {isa = PBXBuildFile; fileRef = E4B84AF524EABB3500D11BFD /* SystemConfiguration.framework */; };
		E4B84AF824EABB4200D11BFD /* UserNotifications.framework in Frameworks */ = {isa = PBXBuildFile; fileRef = E4B84AF724EABB4200D11BFD /* UserNotifications.framework */; };
		E4B84AF924EABB5D00D11BFD /* libz.tbd in Frameworks */ = {isa = PBXBuildFile; fileRef = 8CFCA79C79C294F484478E5D /* libz.tbd */; };
		E4B84AFA24EABB5F00D11BFD /* libsqlite3.0.tbd in Frameworks */ = {isa = PBXBuildFile; fileRef = BB3E3696D28CAE95E038FB69 /* libsqlite3.0.tbd */; };
		E4B84AFB24EABB6100D11BFD /* CFNetwork.framework in Frameworks */ = {isa = PBXBuildFile; fileRef = E21A5F95B33A33B7DB2454A0 /* CFNetwork.framework */; };
		E4B84AFC24EABB8100D11BFD /* libXG-SDK-Cloud.a in Frameworks */ = {isa = PBXBuildFile; fileRef = E4B84AF024EABAEE00D11BFD /* libXG-SDK-Cloud.a */; };
		E4B84AFE24EABB9400D11BFD /* libc++.tbd in Frameworks */ = {isa = PBXBuildFile; fileRef = E4B84AFD24EABB9400D11BFD /* libc++.tbd */; };
		E4B84B0324EBAEE900D11BFD /* SettingsView.swift in Sources */ = {isa = PBXBuildFile; fileRef = E4B84B0224EBAEE900D11BFD /* SettingsView.swift */; };
		E4B84B0524EBAF4D00D11BFD /* AboutMeRow.swift in Sources */ = {isa = PBXBuildFile; fileRef = E4B84B0424EBAF4D00D11BFD /* AboutMeRow.swift */; };
		E4B84B0724EBB39000D11BFD /* CheckEmail.swift in Sources */ = {isa = PBXBuildFile; fileRef = E4B84B0624EBB39000D11BFD /* CheckEmail.swift */; };
		E4B84B0B24EBB7FE00D11BFD /* MemberSelector.swift in Sources */ = {isa = PBXBuildFile; fileRef = E4B84B0A24EBB7FE00D11BFD /* MemberSelector.swift */; };
		E4BB85CE24E7BA7400DF40BC /* Shared.swift in Sources */ = {isa = PBXBuildFile; fileRef = E4BB85CD24E7BA7400DF40BC /* Shared.swift */; };
		E4D2540A24E90BC50049A11C /* BossHealth.swift in Sources */ = {isa = PBXBuildFile; fileRef = E4D2540924E90BC50049A11C /* BossHealth.swift */; };
		E4F2192A24E91BD5000B45DF /* RecordForm.swift in Sources */ = {isa = PBXBuildFile; fileRef = E4F2192924E91BD5000B45DF /* RecordForm.swift */; };
		E4F2192E24E91C5C000B45DF /* AddRecordView.swift in Sources */ = {isa = PBXBuildFile; fileRef = E4F2192D24E91C5C000B45DF /* AddRecordView.swift */; };
/* End PBXBuildFile section */

/* Begin PBXFileReference section */
		24B47CDF70E07D68BCB0B6E8 /* Pods-Laffey.debug.xcconfig */ = {isa = PBXFileReference; includeInIndex = 1; lastKnownFileType = text.xcconfig; name = "Pods-Laffey.debug.xcconfig"; path = "Target Support Files/Pods-Laffey/Pods-Laffey.debug.xcconfig"; sourceTree = "<group>"; };
		307650501806402216215292 /* CoreData.framework */ = {isa = PBXFileReference; fileEncoding = 4; lastKnownFileType = wrapper.framework; name = CoreData.framework; path = /Applications/Xcode.app/Contents/Developer/Platforms/iPhoneOS.platform/Developer/SDKs/iPhoneOS.sdk/System/Library/Frameworks/CoreData.framework; sourceTree = "<group>"; };
		3E010F18881BFA2C9E0BFBCC /* Pods_Laffey.framework */ = {isa = PBXFileReference; explicitFileType = wrapper.framework; includeInIndex = 0; path = Pods_Laffey.framework; sourceTree = BUILT_PRODUCTS_DIR; };
		8CFCA79C79C294F484478E5D /* libz.tbd */ = {isa = PBXFileReference; fileEncoding = 4; lastKnownFileType = "sourcecode.text-based-dylib-definition"; name = libz.tbd; path = /Applications/Xcode.app/Contents/Developer/Platforms/iPhoneOS.platform/Developer/SDKs/iPhoneOS.sdk/usr/lib/libz.tbd; sourceTree = "<group>"; };
		BB3E3696D28CAE95E038FB69 /* libsqlite3.0.tbd */ = {isa = PBXFileReference; fileEncoding = 4; lastKnownFileType = "sourcecode.text-based-dylib-definition"; name = libsqlite3.0.tbd; path = /Applications/Xcode.app/Contents/Developer/Platforms/iPhoneOS.platform/Developer/SDKs/iPhoneOS.sdk/usr/lib/libsqlite3.0.tbd; sourceTree = "<group>"; };
		C5C40F4AB17B0F8329AE496B /* Security.framework */ = {isa = PBXFileReference; fileEncoding = 4; lastKnownFileType = wrapper.framework; name = Security.framework; path = /Applications/Xcode.app/Contents/Developer/Platforms/iPhoneOS.platform/Developer/SDKs/iPhoneOS.sdk/System/Library/Frameworks/Security.framework; sourceTree = "<group>"; };
		D9B488BCCC77F99EE66EDBDB /* Pods-Laffey.release.xcconfig */ = {isa = PBXFileReference; includeInIndex = 1; lastKnownFileType = text.xcconfig; name = "Pods-Laffey.release.xcconfig"; path = "Target Support Files/Pods-Laffey/Pods-Laffey.release.xcconfig"; sourceTree = "<group>"; };
		E21A5F95B33A33B7DB2454A0 /* CFNetwork.framework */ = {isa = PBXFileReference; fileEncoding = 4; lastKnownFileType = wrapper.framework; name = CFNetwork.framework; path = /Applications/Xcode.app/Contents/Developer/Platforms/iPhoneOS.platform/Developer/SDKs/iPhoneOS.sdk/System/Library/Frameworks/CFNetwork.framework; sourceTree = "<group>"; };
		E404568824E9FCC300EC3356 /* RealmDatabase.swift */ = {isa = PBXFileReference; lastKnownFileType = sourcecode.swift; path = RealmDatabase.swift; sourceTree = "<group>"; };
		E404568A24E9FEB000EC3356 /* User.swift */ = {isa = PBXFileReference; lastKnownFileType = sourcecode.swift; path = User.swift; sourceTree = "<group>"; };
		E404568D24EA070600EC3356 /* FetchData.swift */ = {isa = PBXFileReference; lastKnownFileType = sourcecode.swift; path = FetchData.swift; sourceTree = "<group>"; };
		E404568F24EA08D400EC3356 /* PersonalRecord.swift */ = {isa = PBXFileReference; lastKnownFileType = sourcecode.swift; path = PersonalRecord.swift; sourceTree = "<group>"; };
		E404569A24EA127D00EC3356 /* RecordListView.swift */ = {isa = PBXFileReference; lastKnownFileType = sourcecode.swift; path = RecordListView.swift; sourceTree = "<group>"; };
		E416360924EBB9FA009B624E /* GetMemberResponse.swift */ = {isa = PBXFileReference; lastKnownFileType = sourcecode.swift; path = GetMemberResponse.swift; sourceTree = "<group>"; };
		E419D9D924E8F179008145F8 /* TeamRecord.swift */ = {isa = PBXFileReference; lastKnownFileType = sourcecode.swift; path = TeamRecord.swift; sourceTree = "<group>"; };
		E419D9E024E90939008145F8 /* ProgressBar.swift */ = {isa = PBXFileReference; lastKnownFileType = sourcecode.swift; path = ProgressBar.swift; sourceTree = "<group>"; };
		E43AC75F24E6681C00F548F1 /* Laffey.app */ = {isa = PBXFileReference; explicitFileType = wrapper.application; includeInIndex = 0; path = Laffey.app; sourceTree = BUILT_PRODUCTS_DIR; };
		E43AC76224E6681C00F548F1 /* AppDelegate.swift */ = {isa = PBXFileReference; lastKnownFileType = sourcecode.swift; path = AppDelegate.swift; sourceTree = "<group>"; };
		E43AC76424E6681C00F548F1 /* SceneDelegate.swift */ = {isa = PBXFileReference; lastKnownFileType = sourcecode.swift; path = SceneDelegate.swift; sourceTree = "<group>"; };
		E43AC76724E6681C00F548F1 /* Laffey.xcdatamodel */ = {isa = PBXFileReference; lastKnownFileType = wrapper.xcdatamodel; path = Laffey.xcdatamodel; sourceTree = "<group>"; };
		E43AC76924E6681C00F548F1 /* TabView.swift */ = {isa = PBXFileReference; lastKnownFileType = sourcecode.swift; path = TabView.swift; sourceTree = "<group>"; };
		E43AC76B24E6681E00F548F1 /* Assets.xcassets */ = {isa = PBXFileReference; lastKnownFileType = folder.assetcatalog; path = Assets.xcassets; sourceTree = "<group>"; };
		E43AC76E24E6681E00F548F1 /* Preview Assets.xcassets */ = {isa = PBXFileReference; lastKnownFileType = folder.assetcatalog; path = "Preview Assets.xcassets"; sourceTree = "<group>"; };
		E43AC77124E6681E00F548F1 /* Base */ = {isa = PBXFileReference; lastKnownFileType = file.storyboard; name = Base; path = Base.lproj/LaunchScreen.storyboard; sourceTree = "<group>"; };
		E43AC77324E6681E00F548F1 /* Info.plist */ = {isa = PBXFileReference; lastKnownFileType = text.plist.xml; path = Info.plist; sourceTree = "<group>"; };
		E43AC78924E7566A00F548F1 /* Login+Register.swift */ = {isa = PBXFileReference; lastKnownFileType = sourcecode.swift; path = "Login+Register.swift"; sourceTree = "<group>"; };
		E4A1925C24E80DEB0075AA95 /* RecordListRow.swift */ = {isa = PBXFileReference; lastKnownFileType = sourcecode.swift; path = RecordListRow.swift; sourceTree = "<group>"; };
		E4A75D3324E76DD0007095D7 /* RegistrationForm.swift */ = {isa = PBXFileReference; lastKnownFileType = sourcecode.swift; path = RegistrationForm.swift; sourceTree = "<group>"; };
		E4A75D3524E77487007095D7 /* Extensions.swift */ = {isa = PBXFileReference; lastKnownFileType = sourcecode.swift; path = Extensions.swift; sourceTree = "<group>"; };
		E4A75D3A24E7A053007095D7 /* LaffeyAPI.swift */ = {isa = PBXFileReference; lastKnownFileType = sourcecode.swift; path = LaffeyAPI.swift; sourceTree = "<group>"; };
		E4A75D3C24E7A819007095D7 /* LoginResponse.swift */ = {isa = PBXFileReference; lastKnownFileType = sourcecode.swift; path = LoginResponse.swift; sourceTree = "<group>"; };
		E4A75D3E24E7ACBE007095D7 /* Preferences.swift */ = {isa = PBXFileReference; lastKnownFileType = sourcecode.swift; path = Preferences.swift; sourceTree = "<group>"; };
		E4A75D4124E7AEBD007095D7 /* Laffey.entitlements */ = {isa = PBXFileReference; lastKnownFileType = text.plist.entitlements; path = Laffey.entitlements; sourceTree = "<group>"; };
		E4A75D4224E7B2B6007095D7 /* RegisterResponse.swift */ = {isa = PBXFileReference; lastKnownFileType = sourcecode.swift; path = RegisterResponse.swift; sourceTree = "<group>"; };
		E4A75D4624E7B784007095D7 /* MainView.swift */ = {isa = PBXFileReference; lastKnownFileType = sourcecode.swift; path = MainView.swift; sourceTree = "<group>"; };
		E4A75D4824E7B821007095D7 /* Dashboard.swift */ = {isa = PBXFileReference; lastKnownFileType = sourcecode.swift; path = Dashboard.swift; sourceTree = "<group>"; };
		E4B84AEC24EA70A800D11BFD /* PNPromptView.swift */ = {isa = PBXFileReference; lastKnownFileType = sourcecode.swift; path = PNPromptView.swift; sourceTree = "<group>"; };
		E4B84AEF24EABAE300D11BFD /* XGPush.h */ = {isa = PBXFileReference; lastKnownFileType = sourcecode.c.h; path = XGPush.h; sourceTree = "<group>"; };
		E4B84AF024EABAEE00D11BFD /* libXG-SDK-Cloud.a */ = {isa = PBXFileReference; lastKnownFileType = archive.ar; path = "libXG-SDK-Cloud.a"; sourceTree = "<group>"; };
		E4B84AF124EABB0400D11BFD /* XGMTACloud.framework */ = {isa = PBXFileReference; lastKnownFileType = wrapper.framework; path = XGMTACloud.framework; sourceTree = "<group>"; };
		E4B84AF324EABB2A00D11BFD /* CoreTelephony.framework */ = {isa = PBXFileReference; lastKnownFileType = wrapper.framework; name = CoreTelephony.framework; path = System/Library/Frameworks/CoreTelephony.framework; sourceTree = SDKROOT; };
		E4B84AF524EABB3500D11BFD /* SystemConfiguration.framework */ = {isa = PBXFileReference; lastKnownFileType = wrapper.framework; name = SystemConfiguration.framework; path = System/Library/Frameworks/SystemConfiguration.framework; sourceTree = SDKROOT; };
		E4B84AF724EABB4200D11BFD /* UserNotifications.framework */ = {isa = PBXFileReference; lastKnownFileType = wrapper.framework; name = UserNotifications.framework; path = System/Library/Frameworks/UserNotifications.framework; sourceTree = SDKROOT; };
		E4B84AFD24EABB9400D11BFD /* libc++.tbd */ = {isa = PBXFileReference; lastKnownFileType = "sourcecode.text-based-dylib-definition"; name = "libc++.tbd"; path = "usr/lib/libc++.tbd"; sourceTree = SDKROOT; };
		E4B84AFF24EABC2D00D11BFD /* Bridging-Header.h */ = {isa = PBXFileReference; lastKnownFileType = sourcecode.c.h; path = "Bridging-Header.h"; sourceTree = "<group>"; };
		E4B84B0224EBAEE900D11BFD /* SettingsView.swift */ = {isa = PBXFileReference; lastKnownFileType = sourcecode.swift; path = SettingsView.swift; sourceTree = "<group>"; };
		E4B84B0424EBAF4D00D11BFD /* AboutMeRow.swift */ = {isa = PBXFileReference; lastKnownFileType = sourcecode.swift; path = AboutMeRow.swift; sourceTree = "<group>"; };
		E4B84B0624EBB39000D11BFD /* CheckEmail.swift */ = {isa = PBXFileReference; lastKnownFileType = sourcecode.swift; path = CheckEmail.swift; sourceTree = "<group>"; };
		E4B84B0A24EBB7FE00D11BFD /* MemberSelector.swift */ = {isa = PBXFileReference; lastKnownFileType = sourcecode.swift; path = MemberSelector.swift; sourceTree = "<group>"; };
		E4BB85CD24E7BA7400DF40BC /* Shared.swift */ = {isa = PBXFileReference; lastKnownFileType = sourcecode.swift; path = Shared.swift; sourceTree = "<group>"; };
		E4D2540924E90BC50049A11C /* BossHealth.swift */ = {isa = PBXFileReference; lastKnownFileType = sourcecode.swift; path = BossHealth.swift; sourceTree = "<group>"; };
		E4F2192924E91BD5000B45DF /* RecordForm.swift */ = {isa = PBXFileReference; lastKnownFileType = sourcecode.swift; path = RecordForm.swift; sourceTree = "<group>"; };
		E4F2192D24E91C5C000B45DF /* AddRecordView.swift */ = {isa = PBXFileReference; lastKnownFileType = sourcecode.swift; path = AddRecordView.swift; sourceTree = "<group>"; };
/* End PBXFileReference section */

/* Begin PBXFrameworksBuildPhase section */
		E43AC75C24E6681C00F548F1 /* Frameworks */ = {
			isa = PBXFrameworksBuildPhase;
			buildActionMask = 2147483647;
			files = (
				E4B84AFE24EABB9400D11BFD /* libc++.tbd in Frameworks */,
				E4B84AF924EABB5D00D11BFD /* libz.tbd in Frameworks */,
				E4B84AFA24EABB5F00D11BFD /* libsqlite3.0.tbd in Frameworks */,
				E4B84AFB24EABB6100D11BFD /* CFNetwork.framework in Frameworks */,
				E4B84AF824EABB4200D11BFD /* UserNotifications.framework in Frameworks */,
				E4B84AF624EABB3500D11BFD /* SystemConfiguration.framework in Frameworks */,
				E4B84AFC24EABB8100D11BFD /* libXG-SDK-Cloud.a in Frameworks */,
				E4B84AF424EABB2A00D11BFD /* CoreTelephony.framework in Frameworks */,
				E4A75D3924E7A02E007095D7 /* Moya in Frameworks */,
				6483A31CB920A4820808BCF6 /* Security.framework in Frameworks */,
				E4B84AF224EABB1C00D11BFD /* XGMTACloud.framework in Frameworks */,
				3808CFC0B8B83D42C8D880DD /* CoreData.framework in Frameworks */,
				A88ADF770099299D9299BD00 /* Pods_Laffey.framework in Frameworks */,
			);
			runOnlyForDeploymentPostprocessing = 0;
		};
/* End PBXFrameworksBuildPhase section */

/* Begin PBXGroup section */
		9444172466BDCBAA3C474DA4 /* Frameworks */ = {
			isa = PBXGroup;
			children = (
				E4B84AFD24EABB9400D11BFD /* libc++.tbd */,
				E4B84AF724EABB4200D11BFD /* UserNotifications.framework */,
				E4B84AF524EABB3500D11BFD /* SystemConfiguration.framework */,
				E4B84AF324EABB2A00D11BFD /* CoreTelephony.framework */,
				8CFCA79C79C294F484478E5D /* libz.tbd */,
				BB3E3696D28CAE95E038FB69 /* libsqlite3.0.tbd */,
				E21A5F95B33A33B7DB2454A0 /* CFNetwork.framework */,
				C5C40F4AB17B0F8329AE496B /* Security.framework */,
				307650501806402216215292 /* CoreData.framework */,
				3E010F18881BFA2C9E0BFBCC /* Pods_Laffey.framework */,
			);
			name = Frameworks;
			sourceTree = "<group>";
		};
		9FD4C3BA4F469576531C6991 /* Pods */ = {
			isa = PBXGroup;
			children = (
				24B47CDF70E07D68BCB0B6E8 /* Pods-Laffey.debug.xcconfig */,
				D9B488BCCC77F99EE66EDBDB /* Pods-Laffey.release.xcconfig */,
			);
			path = Pods;
			sourceTree = "<group>";
		};
		E404568C24EA06D500EC3356 /* Network */ = {
			isa = PBXGroup;
			children = (
				E4A75D3A24E7A053007095D7 /* LaffeyAPI.swift */,
				E404568D24EA070600EC3356 /* FetchData.swift */,
			);
			path = Network;
			sourceTree = "<group>";
		};
		E404569324EA119600EC3356 /* Login+Register */ = {
			isa = PBXGroup;
			children = (
				E43AC78924E7566A00F548F1 /* Login+Register.swift */,
			);
			path = "Login+Register";
			sourceTree = "<group>";
		};
		E404569424EA11A200EC3356 /* Dashboard */ = {
			isa = PBXGroup;
			children = (
				E4A75D4824E7B821007095D7 /* Dashboard.swift */,
			);
			path = Dashboard;
			sourceTree = "<group>";
		};
		E404569524EA11F400EC3356 /* Base */ = {
			isa = PBXGroup;
			children = (
				E4A75D4624E7B784007095D7 /* MainView.swift */,
				E43AC76924E6681C00F548F1 /* TabView.swift */,
			);
			path = Base;
			sourceTree = "<group>";
		};
		E404569624EA120D00EC3356 /* Shared */ = {
			isa = PBXGroup;
			children = (
				E419D9E024E90939008145F8 /* ProgressBar.swift */,
				E4B84B0A24EBB7FE00D11BFD /* MemberSelector.swift */,
			);
			path = Shared;
			sourceTree = "<group>";
		};
		E404569724EA121D00EC3356 /* RecordList */ = {
			isa = PBXGroup;
			children = (
				E4A1925C24E80DEB0075AA95 /* RecordListRow.swift */,
				E404569A24EA127D00EC3356 /* RecordListView.swift */,
			);
			path = RecordList;
			sourceTree = "<group>";
		};
		E404569824EA123400EC3356 /* AddRecord */ = {
			isa = PBXGroup;
			children = (
				E4F2192D24E91C5C000B45DF /* AddRecordView.swift */,
			);
			path = AddRecord;
			sourceTree = "<group>";
		};
		E419D9D824E8F165008145F8 /* Realm */ = {
			isa = PBXGroup;
			children = (
				E419D9D924E8F179008145F8 /* TeamRecord.swift */,
				E404568824E9FCC300EC3356 /* RealmDatabase.swift */,
				E404568F24EA08D400EC3356 /* PersonalRecord.swift */,
			);
			path = Realm;
			sourceTree = "<group>";
		};
		E419D9DD24E8F656008145F8 /* Responses */ = {
			isa = PBXGroup;
			children = (
				E4A75D4224E7B2B6007095D7 /* RegisterResponse.swift */,
				E4A75D3C24E7A819007095D7 /* LoginResponse.swift */,
				E416360924EBB9FA009B624E /* GetMemberResponse.swift */,
			);
			path = Responses;
			sourceTree = "<group>";
		};
		E43AC75624E6681C00F548F1 = {
			isa = PBXGroup;
			children = (
				E4B84AFF24EABC2D00D11BFD /* Bridging-Header.h */,
				E4B84AEE24EABAC100D11BFD /* XG */,
				E43AC76124E6681C00F548F1 /* Laffey */,
				E43AC76024E6681C00F548F1 /* Products */,
				9FD4C3BA4F469576531C6991 /* Pods */,
				9444172466BDCBAA3C474DA4 /* Frameworks */,
			);
			sourceTree = "<group>";
		};
		E43AC76024E6681C00F548F1 /* Products */ = {
			isa = PBXGroup;
			children = (
				E43AC75F24E6681C00F548F1 /* Laffey.app */,
			);
			name = Products;
			sourceTree = "<group>";
		};
		E43AC76124E6681C00F548F1 /* Laffey */ = {
			isa = PBXGroup;
			children = (
				E4B84B0924EBB45700D11BFD /* Extensions */,
				E4A75D4124E7AEBD007095D7 /* Laffey.entitlements */,
				E4A75D3224E76DBF007095D7 /* Models */,
				E43AC79424E7678500F548F1 /* Views */,
				E43AC76224E6681C00F548F1 /* AppDelegate.swift */,
				E43AC76424E6681C00F548F1 /* SceneDelegate.swift */,
				E43AC76B24E6681E00F548F1 /* Assets.xcassets */,
				E43AC77024E6681E00F548F1 /* LaunchScreen.storyboard */,
				E43AC77324E6681E00F548F1 /* Info.plist */,
				E43AC76624E6681C00F548F1 /* Laffey.xcdatamodeld */,
				E43AC76D24E6681E00F548F1 /* Preview Content */,
			);
			path = Laffey;
			sourceTree = "<group>";
		};
		E43AC76D24E6681E00F548F1 /* Preview Content */ = {
			isa = PBXGroup;
			children = (
				E43AC76E24E6681E00F548F1 /* Preview Assets.xcassets */,
			);
			path = "Preview Content";
			sourceTree = "<group>";
		};
		E43AC79424E7678500F548F1 /* Views */ = {
			isa = PBXGroup;
			children = (
				E4B84B0024EBAEC000D11BFD /* SettingsView */,
				E4B84AEB24EA708E00D11BFD /* PNPromptView */,
				E404569824EA123400EC3356 /* AddRecord */,
				E404569724EA121D00EC3356 /* RecordList */,
				E404569624EA120D00EC3356 /* Shared */,
				E404569524EA11F400EC3356 /* Base */,
				E404569424EA11A200EC3356 /* Dashboard */,
				E404569324EA119600EC3356 /* Login+Register */,
			);
			path = Views;
			sourceTree = "<group>";
		};
		E4A75D3224E76DBF007095D7 /* Models */ = {
			isa = PBXGroup;
			children = (
				E404568A24E9FEB000EC3356 /* User.swift */,
				E4F2192924E91BD5000B45DF /* RecordForm.swift */,
				E4A75D3324E76DD0007095D7 /* RegistrationForm.swift */,
				E404568C24EA06D500EC3356 /* Network */,
				E419D9DD24E8F656008145F8 /* Responses */,
				E419D9D824E8F165008145F8 /* Realm */,
				E4A75D3E24E7ACBE007095D7 /* Preferences.swift */,
				E4BB85CD24E7BA7400DF40BC /* Shared.swift */,
				E4D2540924E90BC50049A11C /* BossHealth.swift */,
			);
			path = Models;
			sourceTree = "<group>";
		};
		E4B84AEB24EA708E00D11BFD /* PNPromptView */ = {
			isa = PBXGroup;
			children = (
				E4B84AEC24EA70A800D11BFD /* PNPromptView.swift */,
			);
			path = PNPromptView;
			sourceTree = "<group>";
		};
		E4B84AEE24EABAC100D11BFD /* XG */ = {
			isa = PBXGroup;
			children = (
				E4B84AF124EABB0400D11BFD /* XGMTACloud.framework */,
				E4B84AF024EABAEE00D11BFD /* libXG-SDK-Cloud.a */,
				E4B84AEF24EABAE300D11BFD /* XGPush.h */,
			);
			path = XG;
			sourceTree = "<group>";
		};
		E4B84B0024EBAEC000D11BFD /* SettingsView */ = {
			isa = PBXGroup;
			children = (
				E4B84B0224EBAEE900D11BFD /* SettingsView.swift */,
				E4B84B0424EBAF4D00D11BFD /* AboutMeRow.swift */,
			);
			path = SettingsView;
			sourceTree = "<group>";
		};
		E4B84B0924EBB45700D11BFD /* Extensions */ = {
			isa = PBXGroup;
			children = (
				E4A75D3524E77487007095D7 /* Extensions.swift */,
				E4B84B0624EBB39000D11BFD /* CheckEmail.swift */,
			);
			path = Extensions;
			sourceTree = "<group>";
		};
/* End PBXGroup section */

/* Begin PBXNativeTarget section */
		E43AC75E24E6681C00F548F1 /* Laffey */ = {
			isa = PBXNativeTarget;
			buildConfigurationList = E43AC77624E6681E00F548F1 /* Build configuration list for PBXNativeTarget "Laffey" */;
			buildPhases = (
				95B13B89B5E5421CCC349EAB /* [CP] Check Pods Manifest.lock */,
				E43AC75B24E6681C00F548F1 /* Sources */,
				E43AC75C24E6681C00F548F1 /* Frameworks */,
				E43AC75D24E6681C00F548F1 /* Resources */,
				E4A75D4024E7ADA8007095D7 /* ShellScript */,
				4335D75666FF2802EDF96FE9 /* [CP] Embed Pods Frameworks */,
			);
			buildRules = (
			);
			dependencies = (
			);
			name = Laffey;
			packageProductDependencies = (
				E4A75D3824E7A02E007095D7 /* Moya */,
			);
			productName = Laffey;
			productReference = E43AC75F24E6681C00F548F1 /* Laffey.app */;
			productType = "com.apple.product-type.application";
		};
/* End PBXNativeTarget section */

/* Begin PBXProject section */
		E43AC75724E6681C00F548F1 /* Project object */ = {
			isa = PBXProject;
			attributes = {
				LastSwiftUpdateCheck = 1160;
				LastUpgradeCheck = 1160;
				ORGANIZATIONNAME = "Wei Dai";
				TargetAttributes = {
					E43AC75E24E6681C00F548F1 = {
						CreatedOnToolsVersion = 11.6;
					};
				};
			};
			buildConfigurationList = E43AC75A24E6681C00F548F1 /* Build configuration list for PBXProject "Laffey" */;
			compatibilityVersion = "Xcode 9.3";
			developmentRegion = en;
			hasScannedForEncodings = 0;
			knownRegions = (
				en,
				Base,
			);
			mainGroup = E43AC75624E6681C00F548F1;
			packageReferences = (
				E4A75D3724E7A02E007095D7 /* XCRemoteSwiftPackageReference "Moya" */,
			);
			productRefGroup = E43AC76024E6681C00F548F1 /* Products */;
			projectDirPath = "";
			projectRoot = "";
			targets = (
				E43AC75E24E6681C00F548F1 /* Laffey */,
			);
		};
/* End PBXProject section */

/* Begin PBXResourcesBuildPhase section */
		E43AC75D24E6681C00F548F1 /* Resources */ = {
			isa = PBXResourcesBuildPhase;
			buildActionMask = 2147483647;
			files = (
				E43AC77224E6681E00F548F1 /* LaunchScreen.storyboard in Resources */,
				E43AC76F24E6681E00F548F1 /* Preview Assets.xcassets in Resources */,
				E43AC76C24E6681E00F548F1 /* Assets.xcassets in Resources */,
			);
			runOnlyForDeploymentPostprocessing = 0;
		};
/* End PBXResourcesBuildPhase section */

/* Begin PBXShellScriptBuildPhase section */
		4335D75666FF2802EDF96FE9 /* [CP] Embed Pods Frameworks */ = {
			isa = PBXShellScriptBuildPhase;
			buildActionMask = 2147483647;
			files = (
			);
			inputFileListPaths = (
				"${PODS_ROOT}/Target Support Files/Pods-Laffey/Pods-Laffey-frameworks-${CONFIGURATION}-input-files.xcfilelist",
			);
			name = "[CP] Embed Pods Frameworks";
			outputFileListPaths = (
				"${PODS_ROOT}/Target Support Files/Pods-Laffey/Pods-Laffey-frameworks-${CONFIGURATION}-output-files.xcfilelist",
			);
			runOnlyForDeploymentPostprocessing = 0;
			shellPath = /bin/sh;
			shellScript = "\"${PODS_ROOT}/Target Support Files/Pods-Laffey/Pods-Laffey-frameworks.sh\"\n";
			showEnvVarsInLog = 0;
		};
		95B13B89B5E5421CCC349EAB /* [CP] Check Pods Manifest.lock */ = {
			isa = PBXShellScriptBuildPhase;
			buildActionMask = 2147483647;
			files = (
			);
			inputFileListPaths = (
			);
			inputPaths = (
				"${PODS_PODFILE_DIR_PATH}/Podfile.lock",
				"${PODS_ROOT}/Manifest.lock",
			);
			name = "[CP] Check Pods Manifest.lock";
			outputFileListPaths = (
			);
			outputPaths = (
				"$(DERIVED_FILE_DIR)/Pods-Laffey-checkManifestLockResult.txt",
			);
			runOnlyForDeploymentPostprocessing = 0;
			shellPath = /bin/sh;
			shellScript = "diff \"${PODS_PODFILE_DIR_PATH}/Podfile.lock\" \"${PODS_ROOT}/Manifest.lock\" > /dev/null\nif [ $? != 0 ] ; then\n    # print error to STDERR\n    echo \"error: The sandbox is not in sync with the Podfile.lock. Run 'pod install' or update your CocoaPods installation.\" >&2\n    exit 1\nfi\n# This output is used by Xcode 'outputs' to avoid re-running this script phase.\necho \"SUCCESS\" > \"${SCRIPT_OUTPUT_FILE_0}\"\n";
			showEnvVarsInLog = 0;
		};
		E4A75D4024E7ADA8007095D7 /* ShellScript */ = {
			isa = PBXShellScriptBuildPhase;
			buildActionMask = 2147483647;
			files = (
			);
			inputFileListPaths = (
			);
			inputPaths = (
			);
			outputFileListPaths = (
			);
			outputPaths = (
			);
			runOnlyForDeploymentPostprocessing = 0;
			shellPath = /bin/sh;
			shellScript = "# Type a script or drag a script file from your workspace to insert its path.\nbuildNumber=$(/usr/libexec/PlistBuddy -c \"Print CFBundleVersion\" \"$INFOPLIST_FILE\")\nbuildNumber=$(($buildNumber + 1))\n/usr/libexec/PlistBuddy -c \"Set :CFBundleVersion $buildNumber\" \"$INFOPLIST_FILE\"\n";
		};
/* End PBXShellScriptBuildPhase section */

/* Begin PBXSourcesBuildPhase section */
		E43AC75B24E6681C00F548F1 /* Sources */ = {
			isa = PBXSourcesBuildPhase;
			buildActionMask = 2147483647;
			files = (
				E4D2540A24E90BC50049A11C /* BossHealth.swift in Sources */,
				E4BB85CE24E7BA7400DF40BC /* Shared.swift in Sources */,
				E419D9DA24E8F179008145F8 /* TeamRecord.swift in Sources */,
				E404569024EA08D400EC3356 /* PersonalRecord.swift in Sources */,
				E4B84B0B24EBB7FE00D11BFD /* MemberSelector.swift in Sources */,
				E43AC76324E6681C00F548F1 /* AppDelegate.swift in Sources */,
				E419D9E124E90939008145F8 /* ProgressBar.swift in Sources */,
				E4F2192A24E91BD5000B45DF /* RecordForm.swift in Sources */,
				E4F2192E24E91C5C000B45DF /* AddRecordView.swift in Sources */,
				E4B84B0524EBAF4D00D11BFD /* AboutMeRow.swift in Sources */,
				E4A75D4924E7B821007095D7 /* Dashboard.swift in Sources */,
				E4A75D4724E7B784007095D7 /* MainView.swift in Sources */,
				E4A75D4324E7B2B6007095D7 /* RegisterResponse.swift in Sources */,
				E43AC78A24E7566A00F548F1 /* Login+Register.swift in Sources */,
				E416360A24EBB9FA009B624E /* GetMemberResponse.swift in Sources */,
				E4A75D3F24E7ACBE007095D7 /* Preferences.swift in Sources */,
				E4A75D3D24E7A819007095D7 /* LoginResponse.swift in Sources */,
				E4A1925D24E80DEB0075AA95 /* RecordListRow.swift in Sources */,
				E4A75D3424E76DD0007095D7 /* RegistrationForm.swift in Sources */,
				E4B84AED24EA70A800D11BFD /* PNPromptView.swift in Sources */,
				E404569B24EA127D00EC3356 /* RecordListView.swift in Sources */,
				E4A75D3B24E7A053007095D7 /* LaffeyAPI.swift in Sources */,
				E43AC76824E6681C00F548F1 /* Laffey.xcdatamodeld in Sources */,
				E404568924E9FCC300EC3356 /* RealmDatabase.swift in Sources */,
				E4B84B0324EBAEE900D11BFD /* SettingsView.swift in Sources */,
				E43AC76A24E6681C00F548F1 /* TabView.swift in Sources */,
				E43AC76524E6681C00F548F1 /* SceneDelegate.swift in Sources */,
				E4B84B0724EBB39000D11BFD /* CheckEmail.swift in Sources */,
				E404568E24EA070600EC3356 /* FetchData.swift in Sources */,
				E4A75D3624E77487007095D7 /* Extensions.swift in Sources */,
				E404568B24E9FEB000EC3356 /* User.swift in Sources */,
			);
			runOnlyForDeploymentPostprocessing = 0;
		};
/* End PBXSourcesBuildPhase section */

/* Begin PBXVariantGroup section */
		E43AC77024E6681E00F548F1 /* LaunchScreen.storyboard */ = {
			isa = PBXVariantGroup;
			children = (
				E43AC77124E6681E00F548F1 /* Base */,
			);
			name = LaunchScreen.storyboard;
			sourceTree = "<group>";
		};
/* End PBXVariantGroup section */

/* Begin XCBuildConfiguration section */
		E43AC77424E6681E00F548F1 /* Debug */ = {
			isa = XCBuildConfiguration;
			buildSettings = {
				ALWAYS_SEARCH_USER_PATHS = NO;
				CLANG_ANALYZER_NONNULL = YES;
				CLANG_ANALYZER_NUMBER_OBJECT_CONVERSION = YES_AGGRESSIVE;
				CLANG_CXX_LANGUAGE_STANDARD = "gnu++14";
				CLANG_CXX_LIBRARY = "libc++";
				CLANG_ENABLE_MODULES = YES;
				CLANG_ENABLE_OBJC_ARC = YES;
				CLANG_ENABLE_OBJC_WEAK = YES;
				CLANG_WARN_BLOCK_CAPTURE_AUTORELEASING = YES;
				CLANG_WARN_BOOL_CONVERSION = YES;
				CLANG_WARN_COMMA = YES;
				CLANG_WARN_CONSTANT_CONVERSION = YES;
				CLANG_WARN_DEPRECATED_OBJC_IMPLEMENTATIONS = YES;
				CLANG_WARN_DIRECT_OBJC_ISA_USAGE = YES_ERROR;
				CLANG_WARN_DOCUMENTATION_COMMENTS = YES;
				CLANG_WARN_EMPTY_BODY = YES;
				CLANG_WARN_ENUM_CONVERSION = YES;
				CLANG_WARN_INFINITE_RECURSION = YES;
				CLANG_WARN_INT_CONVERSION = YES;
				CLANG_WARN_NON_LITERAL_NULL_CONVERSION = YES;
				CLANG_WARN_OBJC_IMPLICIT_RETAIN_SELF = YES;
				CLANG_WARN_OBJC_LITERAL_CONVERSION = YES;
				CLANG_WARN_OBJC_ROOT_CLASS = YES_ERROR;
				CLANG_WARN_RANGE_LOOP_ANALYSIS = YES;
				CLANG_WARN_STRICT_PROTOTYPES = YES;
				CLANG_WARN_SUSPICIOUS_MOVE = YES;
				CLANG_WARN_UNGUARDED_AVAILABILITY = YES_AGGRESSIVE;
				CLANG_WARN_UNREACHABLE_CODE = YES;
				CLANG_WARN__DUPLICATE_METHOD_MATCH = YES;
				COPY_PHASE_STRIP = NO;
				DEBUG_INFORMATION_FORMAT = dwarf;
				ENABLE_STRICT_OBJC_MSGSEND = YES;
				ENABLE_TESTABILITY = YES;
				GCC_C_LANGUAGE_STANDARD = gnu11;
				GCC_DYNAMIC_NO_PIC = NO;
				GCC_NO_COMMON_BLOCKS = YES;
				GCC_OPTIMIZATION_LEVEL = 0;
				GCC_PREPROCESSOR_DEFINITIONS = (
					"DEBUG=1",
					"$(inherited)",
				);
				GCC_WARN_64_TO_32_BIT_CONVERSION = YES;
				GCC_WARN_ABOUT_RETURN_TYPE = YES_ERROR;
				GCC_WARN_UNDECLARED_SELECTOR = YES;
				GCC_WARN_UNINITIALIZED_AUTOS = YES_AGGRESSIVE;
				GCC_WARN_UNUSED_FUNCTION = YES;
				GCC_WARN_UNUSED_VARIABLE = YES;
				IPHONEOS_DEPLOYMENT_TARGET = 13.6;
				MTL_ENABLE_DEBUG_INFO = INCLUDE_SOURCE;
				MTL_FAST_MATH = YES;
				ONLY_ACTIVE_ARCH = YES;
				SDKROOT = iphoneos;
				SWIFT_ACTIVE_COMPILATION_CONDITIONS = DEBUG;
				SWIFT_OPTIMIZATION_LEVEL = "-Onone";
			};
			name = Debug;
		};
		E43AC77524E6681E00F548F1 /* Release */ = {
			isa = XCBuildConfiguration;
			buildSettings = {
				ALWAYS_SEARCH_USER_PATHS = NO;
				CLANG_ANALYZER_NONNULL = YES;
				CLANG_ANALYZER_NUMBER_OBJECT_CONVERSION = YES_AGGRESSIVE;
				CLANG_CXX_LANGUAGE_STANDARD = "gnu++14";
				CLANG_CXX_LIBRARY = "libc++";
				CLANG_ENABLE_MODULES = YES;
				CLANG_ENABLE_OBJC_ARC = YES;
				CLANG_ENABLE_OBJC_WEAK = YES;
				CLANG_WARN_BLOCK_CAPTURE_AUTORELEASING = YES;
				CLANG_WARN_BOOL_CONVERSION = YES;
				CLANG_WARN_COMMA = YES;
				CLANG_WARN_CONSTANT_CONVERSION = YES;
				CLANG_WARN_DEPRECATED_OBJC_IMPLEMENTATIONS = YES;
				CLANG_WARN_DIRECT_OBJC_ISA_USAGE = YES_ERROR;
				CLANG_WARN_DOCUMENTATION_COMMENTS = YES;
				CLANG_WARN_EMPTY_BODY = YES;
				CLANG_WARN_ENUM_CONVERSION = YES;
				CLANG_WARN_INFINITE_RECURSION = YES;
				CLANG_WARN_INT_CONVERSION = YES;
				CLANG_WARN_NON_LITERAL_NULL_CONVERSION = YES;
				CLANG_WARN_OBJC_IMPLICIT_RETAIN_SELF = YES;
				CLANG_WARN_OBJC_LITERAL_CONVERSION = YES;
				CLANG_WARN_OBJC_ROOT_CLASS = YES_ERROR;
				CLANG_WARN_RANGE_LOOP_ANALYSIS = YES;
				CLANG_WARN_STRICT_PROTOTYPES = YES;
				CLANG_WARN_SUSPICIOUS_MOVE = YES;
				CLANG_WARN_UNGUARDED_AVAILABILITY = YES_AGGRESSIVE;
				CLANG_WARN_UNREACHABLE_CODE = YES;
				CLANG_WARN__DUPLICATE_METHOD_MATCH = YES;
				COPY_PHASE_STRIP = NO;
				DEBUG_INFORMATION_FORMAT = "dwarf-with-dsym";
				ENABLE_NS_ASSERTIONS = NO;
				ENABLE_STRICT_OBJC_MSGSEND = YES;
				GCC_C_LANGUAGE_STANDARD = gnu11;
				GCC_NO_COMMON_BLOCKS = YES;
				GCC_WARN_64_TO_32_BIT_CONVERSION = YES;
				GCC_WARN_ABOUT_RETURN_TYPE = YES_ERROR;
				GCC_WARN_UNDECLARED_SELECTOR = YES;
				GCC_WARN_UNINITIALIZED_AUTOS = YES_AGGRESSIVE;
				GCC_WARN_UNUSED_FUNCTION = YES;
				GCC_WARN_UNUSED_VARIABLE = YES;
				IPHONEOS_DEPLOYMENT_TARGET = 13.6;
				MTL_ENABLE_DEBUG_INFO = NO;
				MTL_FAST_MATH = YES;
				SDKROOT = iphoneos;
				SWIFT_COMPILATION_MODE = wholemodule;
				SWIFT_OPTIMIZATION_LEVEL = "-O";
				VALIDATE_PRODUCT = YES;
			};
			name = Release;
		};
		E43AC77724E6681E00F548F1 /* Debug */ = {
			isa = XCBuildConfiguration;
			baseConfigurationReference = 24B47CDF70E07D68BCB0B6E8 /* Pods-Laffey.debug.xcconfig */;
			buildSettings = {
				ASSETCATALOG_COMPILER_APPICON_NAME = AppIcon;
				CODE_SIGN_ENTITLEMENTS = Laffey/Laffey.entitlements;
				CODE_SIGN_STYLE = Automatic;
				CURRENT_PROJECT_VERSION = 385;
				DEVELOPMENT_ASSET_PATHS = "\"Laffey/Preview Content\"";
				DEVELOPMENT_TEAM = HWH6G9P2V2;
				ENABLE_PREVIEWS = YES;
				FRAMEWORK_SEARCH_PATHS = (
					"$(inherited)",
					"$(PROJECT_DIR)/XG",
				);
				INFOPLIST_FILE = Laffey/Info.plist;
				IPHONEOS_DEPLOYMENT_TARGET = 13.0;
				LD_RUNPATH_SEARCH_PATHS = (
					"$(inherited)",
					"@executable_path/Frameworks",
				);
				LIBRARY_SEARCH_PATHS = (
					"$(inherited)",
					"$(PROJECT_DIR)/XG",
				);
				OTHER_LDFLAGS = "-ObjC";
				PRODUCT_BUNDLE_IDENTIFIER = works.dd.Laffey;
				PRODUCT_NAME = "$(TARGET_NAME)";
				SWIFT_OBJC_BRIDGING_HEADER = "Bridging-Header.h";
				SWIFT_VERSION = 5.0;
				TARGETED_DEVICE_FAMILY = "1,2";
				VERSIONING_SYSTEM = "apple-generic";
			};
			name = Debug;
		};
		E43AC77824E6681E00F548F1 /* Release */ = {
			isa = XCBuildConfiguration;
			baseConfigurationReference = D9B488BCCC77F99EE66EDBDB /* Pods-Laffey.release.xcconfig */;
			buildSettings = {
				ASSETCATALOG_COMPILER_APPICON_NAME = AppIcon;
				CODE_SIGN_ENTITLEMENTS = Laffey/Laffey.entitlements;
				CODE_SIGN_STYLE = Automatic;
				CURRENT_PROJECT_VERSION = 385;
				DEVELOPMENT_ASSET_PATHS = "\"Laffey/Preview Content\"";
				DEVELOPMENT_TEAM = HWH6G9P2V2;
				ENABLE_PREVIEWS = YES;
				FRAMEWORK_SEARCH_PATHS = (
					"$(inherited)",
					"$(PROJECT_DIR)/XG",
				);
				INFOPLIST_FILE = Laffey/Info.plist;
				IPHONEOS_DEPLOYMENT_TARGET = 13.0;
				LD_RUNPATH_SEARCH_PATHS = (
					"$(inherited)",
					"@executable_path/Frameworks",
				);
				LIBRARY_SEARCH_PATHS = (
					"$(inherited)",
					"$(PROJECT_DIR)/XG",
				);
				OTHER_LDFLAGS = "-ObjC";
				PRODUCT_BUNDLE_IDENTIFIER = works.dd.Laffey;
				PRODUCT_NAME = "$(TARGET_NAME)";
				SWIFT_OBJC_BRIDGING_HEADER = "Bridging-Header.h";
				SWIFT_VERSION = 5.0;
				TARGETED_DEVICE_FAMILY = "1,2";
				VERSIONING_SYSTEM = "apple-generic";
			};
			name = Release;
		};
/* End XCBuildConfiguration section */

/* Begin XCConfigurationList section */
		E43AC75A24E6681C00F548F1 /* Build configuration list for PBXProject "Laffey" */ = {
			isa = XCConfigurationList;
			buildConfigurations = (
				E43AC77424E6681E00F548F1 /* Debug */,
				E43AC77524E6681E00F548F1 /* Release */,
			);
			defaultConfigurationIsVisible = 0;
			defaultConfigurationName = Release;
		};
		E43AC77624E6681E00F548F1 /* Build configuration list for PBXNativeTarget "Laffey" */ = {
			isa = XCConfigurationList;
			buildConfigurations = (
				E43AC77724E6681E00F548F1 /* Debug */,
				E43AC77824E6681E00F548F1 /* Release */,
			);
			defaultConfigurationIsVisible = 0;
			defaultConfigurationName = Release;
		};
/* End XCConfigurationList section */

/* Begin XCRemoteSwiftPackageReference section */
		E4A75D3724E7A02E007095D7 /* XCRemoteSwiftPackageReference "Moya" */ = {
			isa = XCRemoteSwiftPackageReference;
			repositoryURL = "https://github.com/Moya/Moya.git";
			requirement = {
				kind = upToNextMajorVersion;
				minimumVersion = 14.0.0;
			};
		};
/* End XCRemoteSwiftPackageReference section */

/* Begin XCSwiftPackageProductDependency section */
		E4A75D3824E7A02E007095D7 /* Moya */ = {
			isa = XCSwiftPackageProductDependency;
			package = E4A75D3724E7A02E007095D7 /* XCRemoteSwiftPackageReference "Moya" */;
			productName = Moya;
		};
/* End XCSwiftPackageProductDependency section */

/* Begin XCVersionGroup section */
		E43AC76624E6681C00F548F1 /* Laffey.xcdatamodeld */ = {
			isa = XCVersionGroup;
			children = (
				E43AC76724E6681C00F548F1 /* Laffey.xcdatamodel */,
			);
			currentVersion = E43AC76724E6681C00F548F1 /* Laffey.xcdatamodel */;
			path = Laffey.xcdatamodeld;
			sourceTree = "<group>";
			versionGroupType = wrapper.xcdatamodel;
		};
/* End XCVersionGroup section */
	};
	rootObject = E43AC75724E6681C00F548F1 /* Project object */;
}
