// !$*UTF8*$!
{
	archiveVersion = 1;
	classes = {
	};
	objectVersion = 52;
	objects = {

/* Begin PBXBuildFile section */
		E43AC76324E6681C00F548F1 /* AppDelegate.swift in Sources */ = {isa = PBXBuildFile; fileRef = E43AC76224E6681C00F548F1 /* AppDelegate.swift */; };
		E43AC76524E6681C00F548F1 /* SceneDelegate.swift in Sources */ = {isa = PBXBuildFile; fileRef = E43AC76424E6681C00F548F1 /* SceneDelegate.swift */; };
		E43AC76824E6681C00F548F1 /* Laffey.xcdatamodeld in Sources */ = {isa = PBXBuildFile; fileRef = E43AC76624E6681C00F548F1 /* Laffey.xcdatamodeld */; };
		E43AC76A24E6681C00F548F1 /* TabView.swift in Sources */ = {isa = PBXBuildFile; fileRef = E43AC76924E6681C00F548F1 /* TabView.swift */; };
		E43AC76C24E6681E00F548F1 /* Assets.xcassets in Resources */ = {isa = PBXBuildFile; fileRef = E43AC76B24E6681E00F548F1 /* Assets.xcassets */; };
		E43AC76F24E6681E00F548F1 /* Preview Assets.xcassets in Resources */ = {isa = PBXBuildFile; fileRef = E43AC76E24E6681E00F548F1 /* Preview Assets.xcassets */; };
		E43AC77224E6681E00F548F1 /* LaunchScreen.storyboard in Resources */ = {isa = PBXBuildFile; fileRef = E43AC77024E6681E00F548F1 /* LaunchScreen.storyboard */; };
		E43AC78A24E7566A00F548F1 /* LoginAndRegister.swift in Sources */ = {isa = PBXBuildFile; fileRef = E43AC78924E7566A00F548F1 /* LoginAndRegister.swift */; };
		E4A75D3424E76DD0007095D7 /* RegistrationForm.swift in Sources */ = {isa = PBXBuildFile; fileRef = E4A75D3324E76DD0007095D7 /* RegistrationForm.swift */; };
		E4A75D3624E77487007095D7 /* Extensions.swift in Sources */ = {isa = PBXBuildFile; fileRef = E4A75D3524E77487007095D7 /* Extensions.swift */; };
		E4A75D3924E7A02E007095D7 /* Moya in Frameworks */ = {isa = PBXBuildFile; productRef = E4A75D3824E7A02E007095D7 /* Moya */; };
		E4A75D3B24E7A053007095D7 /* LaffeyAPI.swift in Sources */ = {isa = PBXBuildFile; fileRef = E4A75D3A24E7A053007095D7 /* LaffeyAPI.swift */; };
		E4A75D3D24E7A819007095D7 /* LoginResponse.swift in Sources */ = {isa = PBXBuildFile; fileRef = E4A75D3C24E7A819007095D7 /* LoginResponse.swift */; };
		E4A75D3F24E7ACBE007095D7 /* Preferences.swift in Sources */ = {isa = PBXBuildFile; fileRef = E4A75D3E24E7ACBE007095D7 /* Preferences.swift */; };
		E4A75D4324E7B2B6007095D7 /* RegisterResponse.swift in Sources */ = {isa = PBXBuildFile; fileRef = E4A75D4224E7B2B6007095D7 /* RegisterResponse.swift */; };
		E4A75D4724E7B784007095D7 /* MainView.swift in Sources */ = {isa = PBXBuildFile; fileRef = E4A75D4624E7B784007095D7 /* MainView.swift */; };
		E4A75D4924E7B821007095D7 /* Dashboard.swift in Sources */ = {isa = PBXBuildFile; fileRef = E4A75D4824E7B821007095D7 /* Dashboard.swift */; };
		E4BB85CE24E7BA7400DF40BC /* Shared.swift in Sources */ = {isa = PBXBuildFile; fileRef = E4BB85CD24E7BA7400DF40BC /* Shared.swift */; };
/* End PBXBuildFile section */

/* Begin PBXFileReference section */
		E43AC75F24E6681C00F548F1 /* Laffey.app */ = {isa = PBXFileReference; explicitFileType = wrapper.application; includeInIndex = 0; path = Laffey.app; sourceTree = BUILT_PRODUCTS_DIR; };
		E43AC76224E6681C00F548F1 /* AppDelegate.swift */ = {isa = PBXFileReference; lastKnownFileType = sourcecode.swift; path = AppDelegate.swift; sourceTree = "<group>"; };
		E43AC76424E6681C00F548F1 /* SceneDelegate.swift */ = {isa = PBXFileReference; lastKnownFileType = sourcecode.swift; path = SceneDelegate.swift; sourceTree = "<group>"; };
		E43AC76724E6681C00F548F1 /* Laffey.xcdatamodel */ = {isa = PBXFileReference; lastKnownFileType = wrapper.xcdatamodel; path = Laffey.xcdatamodel; sourceTree = "<group>"; };
		E43AC76924E6681C00F548F1 /* TabView.swift */ = {isa = PBXFileReference; lastKnownFileType = sourcecode.swift; path = TabView.swift; sourceTree = "<group>"; };
		E43AC76B24E6681E00F548F1 /* Assets.xcassets */ = {isa = PBXFileReference; lastKnownFileType = folder.assetcatalog; path = Assets.xcassets; sourceTree = "<group>"; };
		E43AC76E24E6681E00F548F1 /* Preview Assets.xcassets */ = {isa = PBXFileReference; lastKnownFileType = folder.assetcatalog; path = "Preview Assets.xcassets"; sourceTree = "<group>"; };
		E43AC77124E6681E00F548F1 /* Base */ = {isa = PBXFileReference; lastKnownFileType = file.storyboard; name = Base; path = Base.lproj/LaunchScreen.storyboard; sourceTree = "<group>"; };
		E43AC77324E6681E00F548F1 /* Info.plist */ = {isa = PBXFileReference; lastKnownFileType = text.plist.xml; path = Info.plist; sourceTree = "<group>"; };
		E43AC78924E7566A00F548F1 /* LoginAndRegister.swift */ = {isa = PBXFileReference; lastKnownFileType = sourcecode.swift; path = LoginAndRegister.swift; sourceTree = "<group>"; };
		E4A75D3324E76DD0007095D7 /* RegistrationForm.swift */ = {isa = PBXFileReference; lastKnownFileType = sourcecode.swift; path = RegistrationForm.swift; sourceTree = "<group>"; };
		E4A75D3524E77487007095D7 /* Extensions.swift */ = {isa = PBXFileReference; lastKnownFileType = sourcecode.swift; path = Extensions.swift; sourceTree = "<group>"; };
		E4A75D3A24E7A053007095D7 /* LaffeyAPI.swift */ = {isa = PBXFileReference; lastKnownFileType = sourcecode.swift; path = LaffeyAPI.swift; sourceTree = "<group>"; };
		E4A75D3C24E7A819007095D7 /* LoginResponse.swift */ = {isa = PBXFileReference; lastKnownFileType = sourcecode.swift; path = LoginResponse.swift; sourceTree = "<group>"; };
		E4A75D3E24E7ACBE007095D7 /* Preferences.swift */ = {isa = PBXFileReference; lastKnownFileType = sourcecode.swift; path = Preferences.swift; sourceTree = "<group>"; };
		E4A75D4124E7AEBD007095D7 /* Laffey.entitlements */ = {isa = PBXFileReference; lastKnownFileType = text.plist.entitlements; path = Laffey.entitlements; sourceTree = "<group>"; };
		E4A75D4224E7B2B6007095D7 /* RegisterResponse.swift */ = {isa = PBXFileReference; lastKnownFileType = sourcecode.swift; path = RegisterResponse.swift; sourceTree = "<group>"; };
		E4A75D4624E7B784007095D7 /* MainView.swift */ = {isa = PBXFileReference; lastKnownFileType = sourcecode.swift; path = MainView.swift; sourceTree = "<group>"; };
		E4A75D4824E7B821007095D7 /* Dashboard.swift */ = {isa = PBXFileReference; lastKnownFileType = sourcecode.swift; path = Dashboard.swift; sourceTree = "<group>"; };
		E4BB85CD24E7BA7400DF40BC /* Shared.swift */ = {isa = PBXFileReference; lastKnownFileType = sourcecode.swift; path = Shared.swift; sourceTree = "<group>"; };
/* End PBXFileReference section */

/* Begin PBXFrameworksBuildPhase section */
		E43AC75C24E6681C00F548F1 /* Frameworks */ = {
			isa = PBXFrameworksBuildPhase;
			buildActionMask = 2147483647;
			files = (
				E4A75D3924E7A02E007095D7 /* Moya in Frameworks */,
			);
			runOnlyForDeploymentPostprocessing = 0;
		};
/* End PBXFrameworksBuildPhase section */

/* Begin PBXGroup section */
		E43AC75624E6681C00F548F1 = {
			isa = PBXGroup;
			children = (
				E43AC76124E6681C00F548F1 /* Laffey */,
				E43AC76024E6681C00F548F1 /* Products */,
			);
			sourceTree = "<group>";
		};
		E43AC76024E6681C00F548F1 /* Products */ = {
			isa = PBXGroup;
			children = (
				E43AC75F24E6681C00F548F1 /* Laffey.app */,
			);
			name = Products;
			sourceTree = "<group>";
		};
		E43AC76124E6681C00F548F1 /* Laffey */ = {
			isa = PBXGroup;
			children = (
				E4A75D4124E7AEBD007095D7 /* Laffey.entitlements */,
				E4A75D3224E76DBF007095D7 /* Models */,
				E43AC79424E7678500F548F1 /* Views */,
				E43AC76224E6681C00F548F1 /* AppDelegate.swift */,
				E43AC76424E6681C00F548F1 /* SceneDelegate.swift */,
				E43AC76B24E6681E00F548F1 /* Assets.xcassets */,
				E43AC77024E6681E00F548F1 /* LaunchScreen.storyboard */,
				E43AC77324E6681E00F548F1 /* Info.plist */,
				E43AC76624E6681C00F548F1 /* Laffey.xcdatamodeld */,
				E43AC76D24E6681E00F548F1 /* Preview Content */,
				E4A75D3524E77487007095D7 /* Extensions.swift */,
			);
			path = Laffey;
			sourceTree = "<group>";
		};
		E43AC76D24E6681E00F548F1 /* Preview Content */ = {
			isa = PBXGroup;
			children = (
				E43AC76E24E6681E00F548F1 /* Preview Assets.xcassets */,
			);
			path = "Preview Content";
			sourceTree = "<group>";
		};
		E43AC79424E7678500F548F1 /* Views */ = {
			isa = PBXGroup;
			children = (
				E43AC78924E7566A00F548F1 /* LoginAndRegister.swift */,
				E4A75D4624E7B784007095D7 /* MainView.swift */,
				E4A75D4824E7B821007095D7 /* Dashboard.swift */,
				E43AC76924E6681C00F548F1 /* TabView.swift */,
			);
			path = Views;
			sourceTree = "<group>";
		};
		E4A75D3224E76DBF007095D7 /* Models */ = {
			isa = PBXGroup;
			children = (
				E4A75D3324E76DD0007095D7 /* RegistrationForm.swift */,
				E4A75D3A24E7A053007095D7 /* LaffeyAPI.swift */,
				E4A75D3C24E7A819007095D7 /* LoginResponse.swift */,
				E4A75D3E24E7ACBE007095D7 /* Preferences.swift */,
				E4A75D4224E7B2B6007095D7 /* RegisterResponse.swift */,
				E4BB85CD24E7BA7400DF40BC /* Shared.swift */,
			);
			path = Models;
			sourceTree = "<group>";
		};
/* End PBXGroup section */

/* Begin PBXNativeTarget section */
		E43AC75E24E6681C00F548F1 /* Laffey */ = {
			isa = PBXNativeTarget;
			buildConfigurationList = E43AC77624E6681E00F548F1 /* Build configuration list for PBXNativeTarget "Laffey" */;
			buildPhases = (
				E43AC75B24E6681C00F548F1 /* Sources */,
				E43AC75C24E6681C00F548F1 /* Frameworks */,
				E43AC75D24E6681C00F548F1 /* Resources */,
				E4A75D4024E7ADA8007095D7 /* ShellScript */,
			);
			buildRules = (
			);
			dependencies = (
			);
			name = Laffey;
			packageProductDependencies = (
				E4A75D3824E7A02E007095D7 /* Moya */,
			);
			productName = Laffey;
			productReference = E43AC75F24E6681C00F548F1 /* Laffey.app */;
			productType = "com.apple.product-type.application";
		};
/* End PBXNativeTarget section */

/* Begin PBXProject section */
		E43AC75724E6681C00F548F1 /* Project object */ = {
			isa = PBXProject;
			attributes = {
				LastSwiftUpdateCheck = 1160;
				LastUpgradeCheck = 1160;
				ORGANIZATIONNAME = "Wei Dai";
				TargetAttributes = {
					E43AC75E24E6681C00F548F1 = {
						CreatedOnToolsVersion = 11.6;
					};
				};
			};
			buildConfigurationList = E43AC75A24E6681C00F548F1 /* Build configuration list for PBXProject "Laffey" */;
			compatibilityVersion = "Xcode 9.3";
			developmentRegion = en;
			hasScannedForEncodings = 0;
			knownRegions = (
				en,
				Base,
			);
			mainGroup = E43AC75624E6681C00F548F1;
			packageReferences = (
				E4A75D3724E7A02E007095D7 /* XCRemoteSwiftPackageReference "Moya" */,
			);
			productRefGroup = E43AC76024E6681C00F548F1 /* Products */;
			projectDirPath = "";
			projectRoot = "";
			targets = (
				E43AC75E24E6681C00F548F1 /* Laffey */,
			);
		};
/* End PBXProject section */

/* Begin PBXResourcesBuildPhase section */
		E43AC75D24E6681C00F548F1 /* Resources */ = {
			isa = PBXResourcesBuildPhase;
			buildActionMask = 2147483647;
			files = (
				E43AC77224E6681E00F548F1 /* LaunchScreen.storyboard in Resources */,
				E43AC76F24E6681E00F548F1 /* Preview Assets.xcassets in Resources */,
				E43AC76C24E6681E00F548F1 /* Assets.xcassets in Resources */,
			);
			runOnlyForDeploymentPostprocessing = 0;
		};
/* End PBXResourcesBuildPhase section */

/* Begin PBXShellScriptBuildPhase section */
		E4A75D4024E7ADA8007095D7 /* ShellScript */ = {
			isa = PBXShellScriptBuildPhase;
			buildActionMask = 2147483647;
			files = (
			);
			inputFileListPaths = (
			);
			inputPaths = (
			);
			outputFileListPaths = (
			);
			outputPaths = (
			);
			runOnlyForDeploymentPostprocessing = 0;
			shellPath = /bin/sh;
			shellScript = "# Type a script or drag a script file from your workspace to insert its path.\nagvtool next-version -all\n";
		};
/* End PBXShellScriptBuildPhase section */

/* Begin PBXSourcesBuildPhase section */
		E43AC75B24E6681C00F548F1 /* Sources */ = {
			isa = PBXSourcesBuildPhase;
			buildActionMask = 2147483647;
			files = (
				E4BB85CE24E7BA7400DF40BC /* Shared.swift in Sources */,
				E43AC76324E6681C00F548F1 /* AppDelegate.swift in Sources */,
				E4A75D4924E7B821007095D7 /* Dashboard.swift in Sources */,
				E4A75D4724E7B784007095D7 /* MainView.swift in Sources */,
				E4A75D4324E7B2B6007095D7 /* RegisterResponse.swift in Sources */,
				E43AC78A24E7566A00F548F1 /* LoginAndRegister.swift in Sources */,
				E4A75D3F24E7ACBE007095D7 /* Preferences.swift in Sources */,
				E4A75D3D24E7A819007095D7 /* LoginResponse.swift in Sources */,
				E4A75D3424E76DD0007095D7 /* RegistrationForm.swift in Sources */,
				E4A75D3B24E7A053007095D7 /* LaffeyAPI.swift in Sources */,
				E43AC76824E6681C00F548F1 /* Laffey.xcdatamodeld in Sources */,
				E43AC76A24E6681C00F548F1 /* TabView.swift in Sources */,
				E43AC76524E6681C00F548F1 /* SceneDelegate.swift in Sources */,
				E4A75D3624E77487007095D7 /* Extensions.swift in Sources */,
			);
			runOnlyForDeploymentPostprocessing = 0;
		};
/* End PBXSourcesBuildPhase section */

/* Begin PBXVariantGroup section */
		E43AC77024E6681E00F548F1 /* LaunchScreen.storyboard */ = {
			isa = PBXVariantGroup;
			children = (
				E43AC77124E6681E00F548F1 /* Base */,
			);
			name = LaunchScreen.storyboard;
			sourceTree = "<group>";
		};
/* End PBXVariantGroup section */

/* Begin XCBuildConfiguration section */
		E43AC77424E6681E00F548F1 /* Debug */ = {
			isa = XCBuildConfiguration;
			buildSettings = {
				ALWAYS_SEARCH_USER_PATHS = NO;
				CLANG_ANALYZER_NONNULL = YES;
				CLANG_ANALYZER_NUMBER_OBJECT_CONVERSION = YES_AGGRESSIVE;
				CLANG_CXX_LANGUAGE_STANDARD = "gnu++14";
				CLANG_CXX_LIBRARY = "libc++";
				CLANG_ENABLE_MODULES = YES;
				CLANG_ENABLE_OBJC_ARC = YES;
				CLANG_ENABLE_OBJC_WEAK = YES;
				CLANG_WARN_BLOCK_CAPTURE_AUTORELEASING = YES;
				CLANG_WARN_BOOL_CONVERSION = YES;
				CLANG_WARN_COMMA = YES;
				CLANG_WARN_CONSTANT_CONVERSION = YES;
				CLANG_WARN_DEPRECATED_OBJC_IMPLEMENTATIONS = YES;
				CLANG_WARN_DIRECT_OBJC_ISA_USAGE = YES_ERROR;
				CLANG_WARN_DOCUMENTATION_COMMENTS = YES;
				CLANG_WARN_EMPTY_BODY = YES;
				CLANG_WARN_ENUM_CONVERSION = YES;
				CLANG_WARN_INFINITE_RECURSION = YES;
				CLANG_WARN_INT_CONVERSION = YES;
				CLANG_WARN_NON_LITERAL_NULL_CONVERSION = YES;
				CLANG_WARN_OBJC_IMPLICIT_RETAIN_SELF = YES;
				CLANG_WARN_OBJC_LITERAL_CONVERSION = YES;
				CLANG_WARN_OBJC_ROOT_CLASS = YES_ERROR;
				CLANG_WARN_RANGE_LOOP_ANALYSIS = YES;
				CLANG_WARN_STRICT_PROTOTYPES = YES;
				CLANG_WARN_SUSPICIOUS_MOVE = YES;
				CLANG_WARN_UNGUARDED_AVAILABILITY = YES_AGGRESSIVE;
				CLANG_WARN_UNREACHABLE_CODE = YES;
				CLANG_WARN__DUPLICATE_METHOD_MATCH = YES;
				COPY_PHASE_STRIP = NO;
				DEBUG_INFORMATION_FORMAT = dwarf;
				ENABLE_STRICT_OBJC_MSGSEND = YES;
				ENABLE_TESTABILITY = YES;
				GCC_C_LANGUAGE_STANDARD = gnu11;
				GCC_DYNAMIC_NO_PIC = NO;
				GCC_NO_COMMON_BLOCKS = YES;
				GCC_OPTIMIZATION_LEVEL = 0;
				GCC_PREPROCESSOR_DEFINITIONS = (
					"DEBUG=1",
					"$(inherited)",
				);
				GCC_WARN_64_TO_32_BIT_CONVERSION = YES;
				GCC_WARN_ABOUT_RETURN_TYPE = YES_ERROR;
				GCC_WARN_UNDECLARED_SELECTOR = YES;
				GCC_WARN_UNINITIALIZED_AUTOS = YES_AGGRESSIVE;
				GCC_WARN_UNUSED_FUNCTION = YES;
				GCC_WARN_UNUSED_VARIABLE = YES;
				IPHONEOS_DEPLOYMENT_TARGET = 13.6;
				MTL_ENABLE_DEBUG_INFO = INCLUDE_SOURCE;
				MTL_FAST_MATH = YES;
				ONLY_ACTIVE_ARCH = YES;
				SDKROOT = iphoneos;
				SWIFT_ACTIVE_COMPILATION_CONDITIONS = DEBUG;
				SWIFT_OPTIMIZATION_LEVEL = "-Onone";
			};
			name = Debug;
		};
		E43AC77524E6681E00F548F1 /* Release */ = {
			isa = XCBuildConfiguration;
			buildSettings = {
				ALWAYS_SEARCH_USER_PATHS = NO;
				CLANG_ANALYZER_NONNULL = YES;
				CLANG_ANALYZER_NUMBER_OBJECT_CONVERSION = YES_AGGRESSIVE;
				CLANG_CXX_LANGUAGE_STANDARD = "gnu++14";
				CLANG_CXX_LIBRARY = "libc++";
				CLANG_ENABLE_MODULES = YES;
				CLANG_ENABLE_OBJC_ARC = YES;
				CLANG_ENABLE_OBJC_WEAK = YES;
				CLANG_WARN_BLOCK_CAPTURE_AUTORELEASING = YES;
				CLANG_WARN_BOOL_CONVERSION = YES;
				CLANG_WARN_COMMA = YES;
				CLANG_WARN_CONSTANT_CONVERSION = YES;
				CLANG_WARN_DEPRECATED_OBJC_IMPLEMENTATIONS = YES;
				CLANG_WARN_DIRECT_OBJC_ISA_USAGE = YES_ERROR;
				CLANG_WARN_DOCUMENTATION_COMMENTS = YES;
				CLANG_WARN_EMPTY_BODY = YES;
				CLANG_WARN_ENUM_CONVERSION = YES;
				CLANG_WARN_INFINITE_RECURSION = YES;
				CLANG_WARN_INT_CONVERSION = YES;
				CLANG_WARN_NON_LITERAL_NULL_CONVERSION = YES;
				CLANG_WARN_OBJC_IMPLICIT_RETAIN_SELF = YES;
				CLANG_WARN_OBJC_LITERAL_CONVERSION = YES;
				CLANG_WARN_OBJC_ROOT_CLASS = YES_ERROR;
				CLANG_WARN_RANGE_LOOP_ANALYSIS = YES;
				CLANG_WARN_STRICT_PROTOTYPES = YES;
				CLANG_WARN_SUSPICIOUS_MOVE = YES;
				CLANG_WARN_UNGUARDED_AVAILABILITY = YES_AGGRESSIVE;
				CLANG_WARN_UNREACHABLE_CODE = YES;
				CLANG_WARN__DUPLICATE_METHOD_MATCH = YES;
				COPY_PHASE_STRIP = NO;
				DEBUG_INFORMATION_FORMAT = "dwarf-with-dsym";
				ENABLE_NS_ASSERTIONS = NO;
				ENABLE_STRICT_OBJC_MSGSEND = YES;
				GCC_C_LANGUAGE_STANDARD = gnu11;
				GCC_NO_COMMON_BLOCKS = YES;
				GCC_WARN_64_TO_32_BIT_CONVERSION = YES;
				GCC_WARN_ABOUT_RETURN_TYPE = YES_ERROR;
				GCC_WARN_UNDECLARED_SELECTOR = YES;
				GCC_WARN_UNINITIALIZED_AUTOS = YES_AGGRESSIVE;
				GCC_WARN_UNUSED_FUNCTION = YES;
				GCC_WARN_UNUSED_VARIABLE = YES;
				IPHONEOS_DEPLOYMENT_TARGET = 13.6;
				MTL_ENABLE_DEBUG_INFO = NO;
				MTL_FAST_MATH = YES;
				SDKROOT = iphoneos;
				SWIFT_COMPILATION_MODE = wholemodule;
				SWIFT_OPTIMIZATION_LEVEL = "-O";
				VALIDATE_PRODUCT = YES;
			};
			name = Release;
		};
		E43AC77724E6681E00F548F1 /* Debug */ = {
			isa = XCBuildConfiguration;
			buildSettings = {
				ASSETCATALOG_COMPILER_APPICON_NAME = AppIcon;
				CODE_SIGN_ENTITLEMENTS = Laffey/Laffey.entitlements;
				CODE_SIGN_STYLE = Automatic;
				CURRENT_PROJECT_VERSION = 63;
				DEVELOPMENT_ASSET_PATHS = "\"Laffey/Preview Content\"";
				DEVELOPMENT_TEAM = HWH6G9P2V2;
				ENABLE_PREVIEWS = YES;
				INFOPLIST_FILE = Laffey/Info.plist;
				LD_RUNPATH_SEARCH_PATHS = (
					"$(inherited)",
					"@executable_path/Frameworks",
				);
				PRODUCT_BUNDLE_IDENTIFIER = works.dd.Laffey;
				PRODUCT_NAME = "$(TARGET_NAME)";
				SWIFT_VERSION = 5.0;
				TARGETED_DEVICE_FAMILY = "1,2";
				VERSIONING_SYSTEM = "apple-generic";
			};
			name = Debug;
		};
		E43AC77824E6681E00F548F1 /* Release */ = {
			isa = XCBuildConfiguration;
			buildSettings = {
				ASSETCATALOG_COMPILER_APPICON_NAME = AppIcon;
				CODE_SIGN_ENTITLEMENTS = Laffey/Laffey.entitlements;
				CODE_SIGN_STYLE = Automatic;
				CURRENT_PROJECT_VERSION = 63;
				DEVELOPMENT_ASSET_PATHS = "\"Laffey/Preview Content\"";
				DEVELOPMENT_TEAM = HWH6G9P2V2;
				ENABLE_PREVIEWS = YES;
				INFOPLIST_FILE = Laffey/Info.plist;
				LD_RUNPATH_SEARCH_PATHS = (
					"$(inherited)",
					"@executable_path/Frameworks",
				);
				PRODUCT_BUNDLE_IDENTIFIER = works.dd.Laffey;
				PRODUCT_NAME = "$(TARGET_NAME)";
				SWIFT_VERSION = 5.0;
				TARGETED_DEVICE_FAMILY = "1,2";
				VERSIONING_SYSTEM = "apple-generic";
			};
			name = Release;
		};
/* End XCBuildConfiguration section */

/* Begin XCConfigurationList section */
		E43AC75A24E6681C00F548F1 /* Build configuration list for PBXProject "Laffey" */ = {
			isa = XCConfigurationList;
			buildConfigurations = (
				E43AC77424E6681E00F548F1 /* Debug */,
				E43AC77524E6681E00F548F1 /* Release */,
			);
			defaultConfigurationIsVisible = 0;
			defaultConfigurationName = Release;
		};
		E43AC77624E6681E00F548F1 /* Build configuration list for PBXNativeTarget "Laffey" */ = {
			isa = XCConfigurationList;
			buildConfigurations = (
				E43AC77724E6681E00F548F1 /* Debug */,
				E43AC77824E6681E00F548F1 /* Release */,
			);
			defaultConfigurationIsVisible = 0;
			defaultConfigurationName = Release;
		};
/* End XCConfigurationList section */

/* Begin XCRemoteSwiftPackageReference section */
		E4A75D3724E7A02E007095D7 /* XCRemoteSwiftPackageReference "Moya" */ = {
			isa = XCRemoteSwiftPackageReference;
			repositoryURL = "https://github.com/Moya/Moya.git";
			requirement = {
				kind = upToNextMajorVersion;
				minimumVersion = 14.0.0;
			};
		};
/* End XCRemoteSwiftPackageReference section */

/* Begin XCSwiftPackageProductDependency section */
		E4A75D3824E7A02E007095D7 /* Moya */ = {
			isa = XCSwiftPackageProductDependency;
			package = E4A75D3724E7A02E007095D7 /* XCRemoteSwiftPackageReference "Moya" */;
			productName = Moya;
		};
/* End XCSwiftPackageProductDependency section */

/* Begin XCVersionGroup section */
		E43AC76624E6681C00F548F1 /* Laffey.xcdatamodeld */ = {
			isa = XCVersionGroup;
			children = (
				E43AC76724E6681C00F548F1 /* Laffey.xcdatamodel */,
			);
			currentVersion = E43AC76724E6681C00F548F1 /* Laffey.xcdatamodel */;
			path = Laffey.xcdatamodeld;
			sourceTree = "<group>";
			versionGroupType = wrapper.xcdatamodel;
		};
/* End XCVersionGroup section */
	};
	rootObject = E43AC75724E6681C00F548F1 /* Project object */;
}
